
Microsoft Visual Studio Solution File, Format Version 12.00
# Visual Studio Version 16
VisualStudioVersion = 16.0.31229.75
MinimumVisualStudioVersion = 10.0.40219.1
Project("{9A19103F-16F7-4668-BE54-9A1E7A4F7556}") = "Parkhaus", "Parkhaus\Parkhaus.csproj", "{5F1E4C5F-4628-475F-9A17-6A09F38C5770}"
EndProject
Project("{9092AA53-FB77-4645-B42D-1CCCA6BD08BD}") = "ParkhausClient", "ParkhausClient\ParkhausClient.njsproj", "{D61D585D-22D7-4F4C-BC55-55E854968B8E}"
EndProject
Project("{9A19103F-16F7-4668-BE54-9A1E7A4F7556}") = "DataLibary", "DataLibary\DataLibary.csproj", "{90931AAD-FD33-437F-9DE4-B2EE46B07E59}"
EndProject
Project("{2150E333-8FDC-42A3-9474-1A3956D46DE8}") = "Dokumentation", "Dokumentation", "{B578CA24-FC4F-4433-A2AD-6610B8F6239A}"
	ProjectSection(SolutionItems) = preProject
		Aufteilung.txt = Aufteilung.txt
	EndProjectSection
EndProject
Global
	GlobalSection(SolutionConfigurationPlatforms) = preSolution
		Debug|Any CPU = Debug|Any CPU
		Release|Any CPU = Release|Any CPU
	EndGlobalSection
	GlobalSection(ProjectConfigurationPlatforms) = postSolution
		{5F1E4C5F-4628-475F-9A17-6A09F38C5770}.Debug|Any CPU.ActiveCfg = Debug|Any CPU
		{5F1E4C5F-4628-475F-9A17-6A09F38C5770}.Debug|Any CPU.Build.0 = Debug|Any CPU
		{5F1E4C5F-4628-475F-9A17-6A09F38C5770}.Release|Any CPU.ActiveCfg = Release|Any CPU
		{5F1E4C5F-4628-475F-9A17-6A09F38C5770}.Release|Any CPU.Build.0 = Release|Any CPU
		{D61D585D-22D7-4F4C-BC55-55E854968B8E}.Debug|Any CPU.ActiveCfg = Debug|Any CPU
		{D61D585D-22D7-4F4C-BC55-55E854968B8E}.Debug|Any CPU.Build.0 = Debug|Any CPU
		{D61D585D-22D7-4F4C-BC55-55E854968B8E}.Release|Any CPU.ActiveCfg = Release|Any CPU
		{D61D585D-22D7-4F4C-BC55-55E854968B8E}.Release|Any CPU.Build.0 = Release|Any CPU
		{90931AAD-FD33-437F-9DE4-B2EE46B07E59}.Debug|Any CPU.ActiveCfg = Debug|Any CPU
		{90931AAD-FD33-437F-9DE4-B2EE46B07E59}.Debug|Any CPU.Build.0 = Debug|Any CPU
		{90931AAD-FD33-437F-9DE4-B2EE46B07E59}.Release|Any CPU.ActiveCfg = Release|Any CPU
		{90931AAD-FD33-437F-9DE4-B2EE46B07E59}.Release|Any CPU.Build.0 = Release|Any CPU
	EndGlobalSection
	GlobalSection(SolutionProperties) = preSolution
		HideSolutionNode = FALSE
	EndGlobalSection
	GlobalSection(ExtensibilityGlobals) = postSolution
		SolutionGuid = {6667136B-7CC4-423F-AB36-3F36A0676313}
	EndGlobalSection
EndGlobal
